{
	"name": "agda-mode",
	"version": "0.0.1",
	"lockfileVersion": 1,
	"requires": true,
	"dependencies": {
		"@glennsl/bs-json": {
			"version": "5.0.2",
			"resolved": "https://registry.npmjs.org/@glennsl/bs-json/-/bs-json-5.0.2.tgz",
			"integrity": "sha512-vVlHJNrhmwvhyea14YiV4L5pDLjqw1edE3GzvMxlbPPQZVhzgO3sTWrUxCpQd2gV+CkMfk4FHBYunx9nWtBoDg=="
		},
		"@glennsl/rebase": {
			"version": "github:glennsl/rebase#8ee05ab244949f693a3d054aa7eb6ffd0473902c",
			"from": "github:glennsl/rebase"
		},
		"agda-mode": {
			"version": "github:banacorn/agda-mode#871d9234e9861e296e63285aca35d2170e4222a9",
			"from": "github:banacorn/agda-mode#dev",
			"requires": {
				"@glennsl/bs-json": "^5.0.1",
				"@glennsl/rebase": "github:glennsl/rebase",
				"bs-atom2": "^1.40.1",
				"bs-nd": "^0.1.5",
				"bs-platform": "^6.2.1",
				"bs-webapi": "^0.15.3",
				"compare-versions": "^3.5.1",
				"react": "^16.9.0",
				"react-dom": "^16.9.0",
				"reason-promise": "^1.0.1",
				"reason-react": ">=0.7.0",
				"reason-react-update": "^0.1.1"
			},
			"dependencies": {
				"bs-platform": {
					"version": "6.2.1",
					"resolved": "https://registry.npmjs.org/bs-platform/-/bs-platform-6.2.1.tgz",
					"integrity": "sha512-FmQ8kYV52A0Y302qh6o0/J9TO+kHzsjGQnsjrg/ONUYIY/jWzBnt9dCBO6EBnaEKfFJLqk5JrUDCxuihqtTcnw=="
				}
			}
		},
		"agent-base": {
			"version": "4.3.0",
			"resolved": "https://registry.npmjs.org/agent-base/-/agent-base-4.3.0.tgz",
			"integrity": "sha512-salcGninV0nPrwpGNn4VTXBb1SOuXQBiqbrNXoeizJsHrsL6ERFM2Ne3JUSBWRE6aeNJI2ROP/WEEIDUiDe3cg==",
			"dev": true,
			"requires": {
				"es6-promisify": "^5.0.0"
			}
		},
		"balanced-match": {
			"version": "1.0.0",
			"resolved": "https://registry.npmjs.org/balanced-match/-/balanced-match-1.0.0.tgz",
			"integrity": "sha1-ibTRmasr7kneFk6gK4nORi1xt2c=",
			"dev": true
		},
		"brace-expansion": {
			"version": "1.1.11",
			"resolved": "https://registry.npmjs.org/brace-expansion/-/brace-expansion-1.1.11.tgz",
			"integrity": "sha512-iCuPHDFgrHX7H2vEI/5xpz07zSHB00TpugqhmYtVmMO6518mCuRMoOYFldEBl0g187ufozdaHgWKcYFb61qGiA==",
			"dev": true,
			"requires": {
				"balanced-match": "^1.0.0",
				"concat-map": "0.0.1"
			}
		},
		"bs-atom2": {
			"version": "1.40.1",
			"resolved": "https://registry.npmjs.org/bs-atom2/-/bs-atom2-1.40.1.tgz",
			"integrity": "sha512-GoCP/ViQVI6CbLp3CJYxiTbJPnYmUVb2oS/wkhs7YvnhOw2vQE0hpytaThtxFXq2sH271ETyVvvX+i0kAq2Z0w=="
		},
		"bs-nd": {
			"version": "0.1.5",
			"resolved": "https://registry.npmjs.org/bs-nd/-/bs-nd-0.1.5.tgz",
			"integrity": "sha512-YiIIpMiQ4SvoYZXVWWMMhQIPOmMekdvamsH9FoyHw0BicH/45Vyr9N/JawbEosZF7NV+1INlosljEQDajbmJfA=="
		},
		"bs-platform": {
			"version": "7.0.1",
			"resolved": "https://registry.npmjs.org/bs-platform/-/bs-platform-7.0.1.tgz",
			"integrity": "sha512-UjStdtHhbtC/l6vKJ1XRDqrPk7rFf5PLYHtRX3akDXEYVnTbN36z0g4DEr5mU8S0N945e33HYts9x+i7hKKpZQ=="
		},
		"bs-webapi": {
			"version": "0.15.8",
			"resolved": "https://registry.npmjs.org/bs-webapi/-/bs-webapi-0.15.8.tgz",
			"integrity": "sha512-1efc8zOH2KDYU6sIjQQjOTgj+6ggtSius/x8fBMXYy9EHZTMBjzPrmjmsTPwwuojTo2fhrLA0VVDQeTiA25n3A=="
		},
		"compare-versions": {
			"version": "3.6.0",
			"resolved": "https://registry.npmjs.org/compare-versions/-/compare-versions-3.6.0.tgz",
			"integrity": "sha512-W6Af2Iw1z4CB7q4uU4hv646dW9GQuBM+YpC0UvUCWSD8w90SJjp+ujJuXaEMtAXBtSqGfMPuFOVn4/+FlaqfBA=="
		},
		"concat-map": {
			"version": "0.0.1",
			"resolved": "https://registry.npmjs.org/concat-map/-/concat-map-0.0.1.tgz",
			"integrity": "sha1-2Klr13/Wjfd5OnMDajug1UBdR3s=",
			"dev": true
		},
		"es6-promise": {
			"version": "4.2.8",
			"resolved": "https://registry.npmjs.org/es6-promise/-/es6-promise-4.2.8.tgz",
			"integrity": "sha512-HJDGx5daxeIvxdBxvG2cb9g4tEvwIk3i8+nhX0yGrYmZUzbkdg8QbDevheDB8gd0//uPj4c1EQua8Q+MViT0/w==",
			"dev": true
		},
		"es6-promisify": {
			"version": "5.0.0",
			"resolved": "https://registry.npmjs.org/es6-promisify/-/es6-promisify-5.0.0.tgz",
			"integrity": "sha1-UQnWLz5W6pZ8S2NQWu8IKRyKUgM=",
			"dev": true,
			"requires": {
				"es6-promise": "^4.0.3"
			}
		},
		"fs.realpath": {
			"version": "1.0.0",
			"resolved": "https://registry.npmjs.org/fs.realpath/-/fs.realpath-1.0.0.tgz",
			"integrity": "sha1-FQStJSMVjKpA20onh8sBQRmU6k8=",
			"dev": true
		},
		"glob": {
			"version": "7.1.6",
			"resolved": "https://registry.npmjs.org/glob/-/glob-7.1.6.tgz",
			"integrity": "sha512-LwaxwyZ72Lk7vZINtNNrywX0ZuLyStrdDtabefZKAY5ZGJhVtgdznluResxNmPitE0SAO+O26sWTHeKSI2wMBA==",
			"dev": true,
			"requires": {
				"fs.realpath": "^1.0.0",
				"inflight": "^1.0.4",
				"inherits": "2",
				"minimatch": "^3.0.4",
				"once": "^1.3.0",
				"path-is-absolute": "^1.0.0"
			}
		},
		"http-proxy-agent": {
			"version": "2.1.0",
			"resolved": "https://registry.npmjs.org/http-proxy-agent/-/http-proxy-agent-2.1.0.tgz",
			"integrity": "sha512-qwHbBLV7WviBl0rQsOzH6o5lwyOIvwp/BdFnvVxXORldu5TmjFfjzBcWUWS5kWAZhmv+JtiDhSuQCp4sBfbIgg==",
			"dev": true,
			"requires": {
				"agent-base": "4",
				"debug": "3.1.0"
			},
			"dependencies": {
				"debug": {
					"version": "3.1.0",
					"resolved": "https://registry.npmjs.org/debug/-/debug-3.1.0.tgz",
					"integrity": "sha512-OX8XqP7/1a9cqkxYw2yXss15f26NKWBpDXQd0/uK/KPqdQhxbPa994hnzjcE2VqQpDslf55723cKPUOGSmMY3g==",
					"dev": true,
					"requires": {
						"ms": "2.0.0"
					}
				},
				"ms": {
					"version": "2.0.0",
					"resolved": "https://registry.npmjs.org/ms/-/ms-2.0.0.tgz",
					"integrity": "sha1-VgiurfwAvmwpAd9fmGF4jeDVl8g=",
					"dev": true
				}
			}
		},
		"https-proxy-agent": {
			"version": "2.2.4",
			"resolved": "https://registry.npmjs.org/https-proxy-agent/-/https-proxy-agent-2.2.4.tgz",
			"integrity": "sha512-OmvfoQ53WLjtA9HeYP9RNrWMJzzAz1JGaSFr1nijg0PVR1JaD/xbJq1mdEIIlxGpXp9eSe/O2LgU9DJmTPd0Eg==",
			"dev": true,
			"requires": {
				"agent-base": "^4.3.0",
				"debug": "^3.1.0"
			},
			"dependencies": {
				"debug": {
					"version": "3.2.6",
					"resolved": "https://registry.npmjs.org/debug/-/debug-3.2.6.tgz",
					"integrity": "sha512-mel+jf7nrtEl5Pn1Qx46zARXKDpBbvzezse7p7LqINmdoIk8PYP5SySaxEmYv6TZ0JyEKA1hsCId6DIhgITtWQ==",
					"dev": true,
					"requires": {
						"ms": "^2.1.1"
					}
				}
			}
		},
		"inflight": {
			"version": "1.0.6",
			"resolved": "https://registry.npmjs.org/inflight/-/inflight-1.0.6.tgz",
			"integrity": "sha1-Sb1jMdfQLQwJvJEKEHW6gWW1bfk=",
			"dev": true,
			"requires": {
				"once": "^1.3.0",
				"wrappy": "1"
			}
		},
		"inherits": {
			"version": "2.0.4",
			"resolved": "https://registry.npmjs.org/inherits/-/inherits-2.0.4.tgz",
			"integrity": "sha512-k/vGaX4/Yla3WzyMCvTQOXYeIHvqOKtnqBduzTHpzpQZzAskKMhZ2K+EnBiSM9zGSoIFeMpXKxa4dYeZIQqewQ==",
			"dev": true
		},
		"js-tokens": {
			"version": "4.0.0",
			"resolved": "https://registry.npmjs.org/js-tokens/-/js-tokens-4.0.0.tgz",
			"integrity": "sha512-RdJUflcE3cUzKiMqQgsCu06FPu9UdIJO0beYbPhHN4k6apgJtifcoCtT9bcxOpYBtpD2kCM6Sbzg4CausW/PKQ=="
		},
		"loose-envify": {
			"version": "1.4.0",
			"resolved": "https://registry.npmjs.org/loose-envify/-/loose-envify-1.4.0.tgz",
			"integrity": "sha512-lyuxPGr/Wfhrlem2CL/UcnUc1zcqKAImBDzukY7Y5F/yQiNdko6+fRLevlw1HgMySw7f611UIY408EtxRSoK3Q==",
			"requires": {
				"js-tokens": "^3.0.0 || ^4.0.0"
			}
		},
		"minimatch": {
			"version": "3.0.4",
			"resolved": "https://registry.npmjs.org/minimatch/-/minimatch-3.0.4.tgz",
			"integrity": "sha512-yJHVQEhyqPLUTgt9B83PXu6W3rx4MvvHvSUvToogpwoGDOUQ+yDrR0HRot+yOCdCO7u4hX3pWft6kWBBcqh0UA==",
			"dev": true,
			"requires": {
				"brace-expansion": "^1.1.7"
			}
		},
		"ms": {
			"version": "2.1.2",
			"resolved": "https://registry.npmjs.org/ms/-/ms-2.1.2.tgz",
			"integrity": "sha512-sGkPx+VjMtmA6MX27oA4FBFELFCZZ4S4XqeGOXCv68tT+jb3vk/RyaKWP0PTKyWtmLSM0b+adUTEvbs1PEaH2w==",
			"dev": true
		},
		"object-assign": {
			"version": "4.1.1",
			"resolved": "https://registry.npmjs.org/object-assign/-/object-assign-4.1.1.tgz",
			"integrity": "sha1-IQmtx5ZYh8/AXLvUQsrIv7s2CGM="
		},
		"once": {
			"version": "1.4.0",
			"resolved": "https://registry.npmjs.org/once/-/once-1.4.0.tgz",
			"integrity": "sha1-WDsap3WWHUsROsF9nFC6753Xa9E=",
			"dev": true,
			"requires": {
				"wrappy": "1"
			}
		},
		"path-is-absolute": {
			"version": "1.0.1",
			"resolved": "https://registry.npmjs.org/path-is-absolute/-/path-is-absolute-1.0.1.tgz",
			"integrity": "sha1-F0uSaHNVNP+8es5r9TpanhtcX18=",
			"dev": true
		},
		"prop-types": {
			"version": "15.7.2",
			"resolved": "https://registry.npmjs.org/prop-types/-/prop-types-15.7.2.tgz",
			"integrity": "sha512-8QQikdH7//R2vurIJSutZ1smHYTcLpRWEOlHnzcWHmBYrOGUysKwSsrC89BCiFj3CbrfJ/nXFdJepOVrY1GCHQ==",
			"requires": {
				"loose-envify": "^1.4.0",
				"object-assign": "^4.1.1",
				"react-is": "^16.8.1"
			}
		},
		"react": {
			"version": "16.13.0",
			"resolved": "https://registry.npmjs.org/react/-/react-16.13.0.tgz",
			"integrity": "sha512-TSavZz2iSLkq5/oiE7gnFzmURKZMltmi193rm5HEoUDAXpzT9Kzw6oNZnGoai/4+fUnm7FqS5dwgUL34TujcWQ==",
			"requires": {
				"loose-envify": "^1.1.0",
				"object-assign": "^4.1.1",
				"prop-types": "^15.6.2"
			}
		},
		"react-dom": {
			"version": "16.13.0",
			"resolved": "https://registry.npmjs.org/react-dom/-/react-dom-16.13.0.tgz",
			"integrity": "sha512-y09d2c4cG220DzdlFkPTnVvGTszVvNpC73v+AaLGLHbkpy3SSgvYq8x0rNwPJ/Rk/CicTNgk0hbHNw1gMEZAXg==",
			"requires": {
				"loose-envify": "^1.1.0",
				"object-assign": "^4.1.1",
				"prop-types": "^15.6.2",
				"scheduler": "^0.19.0"
			}
		},
		"react-is": {
			"version": "16.13.0",
			"resolved": "https://registry.npmjs.org/react-is/-/react-is-16.13.0.tgz",
			"integrity": "sha512-GFMtL0vHkiBv9HluwNZTggSn/sCyEt9n02aM0dSAjGGyqyNlAyftYm4phPxdvCigG15JreC5biwxCgTAJZ7yAA=="
		},
		"reason-promise": {
			"version": "1.0.2",
			"resolved": "https://registry.npmjs.org/reason-promise/-/reason-promise-1.0.2.tgz",
			"integrity": "sha512-j8DWV+71wNEKQmyW6zBOowIZq1Qec5CDWyLI37BvgOmAZgRFGFQ1MaJnbhqDe3JsYmaGyqdNMmpCJLl9EDbDAg=="
		},
		"reason-react": {
			"version": "0.7.0",
			"resolved": "https://registry.npmjs.org/reason-react/-/reason-react-0.7.0.tgz",
			"integrity": "sha512-czR/f0lY5iyLCki9gwftOFF5Zs40l7ZSFmpGK/Z6hx2jBVeFDmIiXB8bAQW/cO6IvtuEt97OmsYueiuOYG9XjQ==",
			"requires": {
				"react": ">=16.8.1",
				"react-dom": ">=16.8.1"
			}
		},
		"reason-react-update": {
			"version": "0.1.1",
			"resolved": "https://registry.npmjs.org/reason-react-update/-/reason-react-update-0.1.1.tgz",
			"integrity": "sha512-wuP4MD79Gv0HLRy365vMa1JMXEqVQNNtq3ilB0Jw2ha8z9HR2Lzg/R+wPVWorXSnvoHkbE/vHaCRIA7ggn5WEA=="
		},
		"rimraf": {
			"version": "2.6.3",
			"resolved": "https://registry.npmjs.org/rimraf/-/rimraf-2.6.3.tgz",
			"integrity": "sha512-mwqeW5XsA2qAejG46gYdENaxXjx9onRNCfn7L0duuP4hCuTIi/QO7PDK07KJfp1d+izWPrzEJDcSqBa0OZQriA==",
			"dev": true,
			"requires": {
				"glob": "^7.1.3"
			}
		},
		"scheduler": {
			"version": "0.19.0",
			"resolved": "https://registry.npmjs.org/scheduler/-/scheduler-0.19.0.tgz",
			"integrity": "sha512-xowbVaTPe9r7y7RUejcK73/j8tt2jfiyTednOvHbA8JoClvMYCp+r8QegLwK/n8zWQAtZb1fFnER4XLBZXrCxA==",
			"requires": {
				"loose-envify": "^1.1.0",
				"object-assign": "^4.1.1"
			}
		},
		"vscode-test": {
			"version": "1.3.0",
			"resolved": "https://registry.npmjs.org/vscode-test/-/vscode-test-1.3.0.tgz",
			"integrity": "sha512-LddukcBiSU2FVTDr3c1D8lwkiOvwlJdDL2hqVbn6gIz+rpTqUCkMZSKYm94Y1v0WXlHSDQBsXyY+tchWQgGVsw==",
			"dev": true,
			"requires": {
				"http-proxy-agent": "^2.1.0",
				"https-proxy-agent": "^2.2.4",
				"rimraf": "^2.6.3"
			}
		},
		"wrappy": {
			"version": "1.0.2",
			"resolved": "https://registry.npmjs.org/wrappy/-/wrappy-1.0.2.tgz",
			"integrity": "sha1-tSQ9jz7BqjXxNkYFvA0QNuMKtp8=",
			"dev": true
		}
	}
}
